
Microsoft Visual Studio Solution File, Format Version 11.00
# Visual C# Express 2010
Project("{FAE04EC0-301F-11D3-BF4B-00C04F79EFBC}") = "Brainfuck2CSharp", "Brainfuck2CSharp\Brainfuck2CSharp.csproj", "{C064CE92-23C5-4F79-A3F1-A4C5AD6648F0}"
EndProject
Global
	GlobalSection(SolutionConfigurationPlatforms) = preSolution
		Debug|x86 = Debug|x86
		Release|x86 = Release|x86
	EndGlobalSection
	GlobalSection(ProjectConfigurationPlatforms) = postSolution
		{C064CE92-23C5-4F79-A3F1-A4C5AD6648F0}.Debug|x86.ActiveCfg = Debug|x86
		{C064CE92-23C5-4F79-A3F1-A4C5AD6648F0}.Debug|x86.Build.0 = Debug|x86
		{C064CE92-23C5-4F79-A3F1-A4C5AD6648F0}.Release|x86.ActiveCfg = Release|x86
		{C064CE92-23C5-4F79-A3F1-A4C5AD6648F0}.Release|x86.Build.0 = Release|x86
	EndGlobalSection
	GlobalSection(SolutionProperties) = preSolution
		HideSolutionNode = FALSE
	EndGlobalSection
EndGlobal
